
Microsoft Visual Studio Solution File, Format Version 12.00
# Visual Studio Version 17
VisualStudioVersion = 17.0.31903.59
MinimumVisualStudioVersion = 10.0.40219.1
Project("{FAE04EC0-301F-11D3-BF4B-00C04F79EFBC}") = "TECNM.PRACTICA2.APP", "TECNM.PRACTICA2.APP\TECNM.PRACTICA2.APP.csproj", "{F3EB91A0-55D2-4F47-B7B4-AA7FC2461ACC}"
EndProject
Project("{FAE04EC0-301F-11D3-BF4B-00C04F79EFBC}") = "TECNM.PRACTICA2.CORE", "TECNM.PRACTICA2.CORE\TECNM.PRACTICA2.CORE.csproj", "{268298C3-1986-4850-BA75-299C5C43720C}"
EndProject
Project("{FAE04EC0-301F-11D3-BF4B-00C04F79EFBC}") = "TECNM.PRACTICA2.PORTAL", "TECNM.PRACTICA2.PORTAL\TECNM.PRACTICA2.PORTAL.csproj", "{DEABBF0E-276B-4102-891C-D803053F5EB9}"
EndProject
Project("{FAE04EC0-301F-11D3-BF4B-00C04F79EFBC}") = "TECNM.PRACTICA2.WEBAPi", "TECNM.PRACTICA2.WEBAPI\TECNM.PRACTICA2.WEBAPi.csproj", "{A26308FB-9A2C-4D59-B425-E0764AA9C11A}"
EndProject
Project("{FAE04EC0-301F-11D3-BF4B-00C04F79EFBC}") = "TECNM.PRACTICA2.TEST", "TECNM.PRACTICA2.TEST\TECNM.PRACTICA2.TEST.csproj", "{96EA7541-9984-49B4-9801-CE505410E1B8}"
EndProject
Global
	GlobalSection(SolutionConfigurationPlatforms) = preSolution
		Debug|Any CPU = Debug|Any CPU
		Release|Any CPU = Release|Any CPU
	EndGlobalSection
	GlobalSection(SolutionProperties) = preSolution
		HideSolutionNode = FALSE
	EndGlobalSection
	GlobalSection(ProjectConfigurationPlatforms) = postSolution
		{F3EB91A0-55D2-4F47-B7B4-AA7FC2461ACC}.Debug|Any CPU.ActiveCfg = Debug|Any CPU
		{F3EB91A0-55D2-4F47-B7B4-AA7FC2461ACC}.Debug|Any CPU.Build.0 = Debug|Any CPU
		{F3EB91A0-55D2-4F47-B7B4-AA7FC2461ACC}.Release|Any CPU.ActiveCfg = Release|Any CPU
		{F3EB91A0-55D2-4F47-B7B4-AA7FC2461ACC}.Release|Any CPU.Build.0 = Release|Any CPU
		{268298C3-1986-4850-BA75-299C5C43720C}.Debug|Any CPU.ActiveCfg = Debug|Any CPU
		{268298C3-1986-4850-BA75-299C5C43720C}.Debug|Any CPU.Build.0 = Debug|Any CPU
		{268298C3-1986-4850-BA75-299C5C43720C}.Release|Any CPU.ActiveCfg = Release|Any CPU
		{268298C3-1986-4850-BA75-299C5C43720C}.Release|Any CPU.Build.0 = Release|Any CPU
		{DEABBF0E-276B-4102-891C-D803053F5EB9}.Debug|Any CPU.ActiveCfg = Debug|Any CPU
		{DEABBF0E-276B-4102-891C-D803053F5EB9}.Debug|Any CPU.Build.0 = Debug|Any CPU
		{DEABBF0E-276B-4102-891C-D803053F5EB9}.Release|Any CPU.ActiveCfg = Release|Any CPU
		{DEABBF0E-276B-4102-891C-D803053F5EB9}.Release|Any CPU.Build.0 = Release|Any CPU
		{A26308FB-9A2C-4D59-B425-E0764AA9C11A}.Debug|Any CPU.ActiveCfg = Debug|Any CPU
		{A26308FB-9A2C-4D59-B425-E0764AA9C11A}.Debug|Any CPU.Build.0 = Debug|Any CPU
		{A26308FB-9A2C-4D59-B425-E0764AA9C11A}.Release|Any CPU.ActiveCfg = Release|Any CPU
		{A26308FB-9A2C-4D59-B425-E0764AA9C11A}.Release|Any CPU.Build.0 = Release|Any CPU
		{96EA7541-9984-49B4-9801-CE505410E1B8}.Debug|Any CPU.ActiveCfg = Debug|Any CPU
		{96EA7541-9984-49B4-9801-CE505410E1B8}.Debug|Any CPU.Build.0 = Debug|Any CPU
		{96EA7541-9984-49B4-9801-CE505410E1B8}.Release|Any CPU.ActiveCfg = Release|Any CPU
		{96EA7541-9984-49B4-9801-CE505410E1B8}.Release|Any CPU.Build.0 = Release|Any CPU
	EndGlobalSection
EndGlobal
